
Microsoft Visual Studio Solution File, Format Version 12.00
# Visual Studio Version 17
VisualStudioVersion = 17.4.33205.214
MinimumVisualStudioVersion = 10.0.40219.1
Project("{FAE04EC0-301F-11D3-BF4B-00C04F79EFBC}") = "CompanyEmployees", "CompanyEmployees.csproj", "{CC98A587-8F09-4509-806F-DCF22C399259}"
EndProject
Global
	GlobalSection(SolutionConfigurationPlatforms) = preSolution
		Debug|Any CPU = Debug|Any CPU
		Release|Any CPU = Release|Any CPU
	EndGlobalSection
	GlobalSection(ProjectConfigurationPlatforms) = postSolution
		{CC98A587-8F09-4509-806F-DCF22C399259}.Debug|Any CPU.ActiveCfg = Debug|Any CPU
		{CC98A587-8F09-4509-806F-DCF22C399259}.Debug|Any CPU.Build.0 = Debug|Any CPU
		{CC98A587-8F09-4509-806F-DCF22C399259}.Release|Any CPU.ActiveCfg = Release|Any CPU
		{CC98A587-8F09-4509-806F-DCF22C399259}.Release|Any CPU.Build.0 = Release|Any CPU
	EndGlobalSection
	GlobalSection(SolutionProperties) = preSolution
		HideSolutionNode = FALSE
	EndGlobalSection
	GlobalSection(ExtensibilityGlobals) = postSolution
		SolutionGuid = {7D6EF371-FCDC-4E8C-93EB-64FE336CDB75}
	EndGlobalSection
EndGlobal
